
Microsoft Visual Studio Solution File, Format Version 12.00
# Visual Studio Version 17
VisualStudioVersion = 17.7.34031.279
MinimumVisualStudioVersion = 10.0.40219.1
Project("{FAE04EC0-301F-11D3-BF4B-00C04F79EFBC}") = "OOP", "OOP\OOP.csproj", "{C3296EE8-71EE-46F5-939E-E4CEE7096CF7}"
EndProject
Global
	GlobalSection(SolutionConfigurationPlatforms) = preSolution
		Debug|Any CPU = Debug|Any CPU
		Release|Any CPU = Release|Any CPU
	EndGlobalSection
	GlobalSection(ProjectConfigurationPlatforms) = postSolution
		{C3296EE8-71EE-46F5-939E-E4CEE7096CF7}.Debug|Any CPU.ActiveCfg = Debug|Any CPU
		{C3296EE8-71EE-46F5-939E-E4CEE7096CF7}.Debug|Any CPU.Build.0 = Debug|Any CPU
		{C3296EE8-71EE-46F5-939E-E4CEE7096CF7}.Release|Any CPU.ActiveCfg = Release|Any CPU
		{C3296EE8-71EE-46F5-939E-E4CEE7096CF7}.Release|Any CPU.Build.0 = Release|Any CPU
	EndGlobalSection
	GlobalSection(SolutionProperties) = preSolution
		HideSolutionNode = FALSE
	EndGlobalSection
	GlobalSection(ExtensibilityGlobals) = postSolution
		SolutionGuid = {CC2BF6C6-E916-40BD-AC49-14F54B4BC064}
	EndGlobalSection
EndGlobal
